
Microsoft Visual Studio Solution File, Format Version 12.00
# Visual Studio 15
VisualStudioVersion = 15.0.28010.2050
MinimumVisualStudioVersion = 10.0.40219.1
Project("{8BC9CEB8-8B4A-11D0-8D11-00A0C91BC942}") = "Box2D_Builded", "Box2D_Builded\Box2D_Builded.vcxproj", "{40537F9B-FD22-40CB-BF9F-1D33D15972E8}"
EndProject
Global
	GlobalSection(SolutionConfigurationPlatforms) = preSolution
		Debug|x64 = Debug|x64
		Debug|x86 = Debug|x86
		Release|x64 = Release|x64
		Release|x86 = Release|x86
	EndGlobalSection
	GlobalSection(ProjectConfigurationPlatforms) = postSolution
		{40537F9B-FD22-40CB-BF9F-1D33D15972E8}.Debug|x64.ActiveCfg = Debug|x64
		{40537F9B-FD22-40CB-BF9F-1D33D15972E8}.Debug|x64.Build.0 = Debug|x64
		{40537F9B-FD22-40CB-BF9F-1D33D15972E8}.Debug|x86.ActiveCfg = Debug|Win32
		{40537F9B-FD22-40CB-BF9F-1D33D15972E8}.Debug|x86.Build.0 = Debug|Win32
		{40537F9B-FD22-40CB-BF9F-1D33D15972E8}.Release|x64.ActiveCfg = Release|x64
		{40537F9B-FD22-40CB-BF9F-1D33D15972E8}.Release|x64.Build.0 = Release|x64
		{40537F9B-FD22-40CB-BF9F-1D33D15972E8}.Release|x86.ActiveCfg = Release|Win32
		{40537F9B-FD22-40CB-BF9F-1D33D15972E8}.Release|x86.Build.0 = Release|Win32
	EndGlobalSection
	GlobalSection(SolutionProperties) = preSolution
		HideSolutionNode = FALSE
	EndGlobalSection
	GlobalSection(ExtensibilityGlobals) = postSolution
		SolutionGuid = {764AC36B-8293-4320-AE2C-139A065DDD84}
	EndGlobalSection
EndGlobal
